
Microsoft Visual Studio Solution File, Format Version 12.00
# Visual Studio Version 16
VisualStudioVersion = 16.0.29806.167
MinimumVisualStudioVersion = 10.0.40219.1
Project("{2150E333-8FDC-42A3-9474-1A3956D46DE8}") = "Data", "Data", "{5B806DE6-93E4-48F2-A177-ECB51CF2F75E}"
EndProject
Project("{2150E333-8FDC-42A3-9474-1A3956D46DE8}") = "Web", "Web", "{CB0EAA5D-9873-41A9-A40A-AC4BFB64165F}"
EndProject
Project("{2150E333-8FDC-42A3-9474-1A3956D46DE8}") = "Services", "Services", "{868D0962-0F28-4335-9C48-6EBEB5237603}"
EndProject
Project("{9A19103F-16F7-4668-BE54-9A1E7A4F7556}") = "Stopify.Data.Models", "Data\Stopify.Data.Models\Stopify.Data.Models.csproj", "{7C05A7F4-5E57-4486-AEA5-DFD82EDD2A69}"
EndProject
Project("{9A19103F-16F7-4668-BE54-9A1E7A4F7556}") = "Stopify.Data", "Data\Stopify.Data\Stopify.Data.csproj", "{EED76071-869C-4EEA-B6A7-68DEBAD84480}"
EndProject
Project("{9A19103F-16F7-4668-BE54-9A1E7A4F7556}") = "Stopify.Web", "Web\Stopify.Web\Stopify.Web.csproj", "{7308CF49-1180-4040-B017-06C910F652CE}"
EndProject
Project("{9A19103F-16F7-4668-BE54-9A1E7A4F7556}") = "Stopify.Services", "Services\Stopify.Services\Stopify.Services.csproj", "{56086AB9-DB3A-4A1A-A2D4-7B0EF9E01077}"
EndProject
Project("{9A19103F-16F7-4668-BE54-9A1E7A4F7556}") = "Stopify.Web.ViewModels", "Web\Stopify.Web.ViewModels\Stopify.Web.ViewModels.csproj", "{1075AAAC-62D5-48F2-AC0F-D6358DABC4EF}"
EndProject
Project("{9A19103F-16F7-4668-BE54-9A1E7A4F7556}") = "Stopify.Web.InputModels", "Web\Stopify.Web.InputModels\Stopify.Web.InputModels.csproj", "{CFC381A4-F9BA-4B5F-AC37-7EC65C553966}"
EndProject
Project("{9A19103F-16F7-4668-BE54-9A1E7A4F7556}") = "Stopify.Services.Models", "Services\Stopify.Services.Models\Stopify.Services.Models.csproj", "{156C6A74-35BC-466C-AF90-52387CBD1F7C}"
EndProject
Project("{FAE04EC0-301F-11D3-BF4B-00C04F79EFBC}") = "Stopify.Services.Mapping", "Services\Stopify.Services.Mapping\Stopify.Services.Mapping.csproj", "{2E1F6EAF-0D29-44EE-9A25-30637EE936F9}"
EndProject
Global
	GlobalSection(SolutionConfigurationPlatforms) = preSolution
		Debug|Any CPU = Debug|Any CPU
		Release|Any CPU = Release|Any CPU
	EndGlobalSection
	GlobalSection(ProjectConfigurationPlatforms) = postSolution
		{7C05A7F4-5E57-4486-AEA5-DFD82EDD2A69}.Debug|Any CPU.ActiveCfg = Debug|Any CPU
		{7C05A7F4-5E57-4486-AEA5-DFD82EDD2A69}.Debug|Any CPU.Build.0 = Debug|Any CPU
		{7C05A7F4-5E57-4486-AEA5-DFD82EDD2A69}.Release|Any CPU.ActiveCfg = Release|Any CPU
		{7C05A7F4-5E57-4486-AEA5-DFD82EDD2A69}.Release|Any CPU.Build.0 = Release|Any CPU
		{EED76071-869C-4EEA-B6A7-68DEBAD84480}.Debug|Any CPU.ActiveCfg = Debug|Any CPU
		{EED76071-869C-4EEA-B6A7-68DEBAD84480}.Debug|Any CPU.Build.0 = Debug|Any CPU
		{EED76071-869C-4EEA-B6A7-68DEBAD84480}.Release|Any CPU.ActiveCfg = Release|Any CPU
		{EED76071-869C-4EEA-B6A7-68DEBAD84480}.Release|Any CPU.Build.0 = Release|Any CPU
		{7308CF49-1180-4040-B017-06C910F652CE}.Debug|Any CPU.ActiveCfg = Debug|Any CPU
		{7308CF49-1180-4040-B017-06C910F652CE}.Debug|Any CPU.Build.0 = Debug|Any CPU
		{7308CF49-1180-4040-B017-06C910F652CE}.Release|Any CPU.ActiveCfg = Release|Any CPU
		{7308CF49-1180-4040-B017-06C910F652CE}.Release|Any CPU.Build.0 = Release|Any CPU
		{56086AB9-DB3A-4A1A-A2D4-7B0EF9E01077}.Debug|Any CPU.ActiveCfg = Debug|Any CPU
		{56086AB9-DB3A-4A1A-A2D4-7B0EF9E01077}.Debug|Any CPU.Build.0 = Debug|Any CPU
		{56086AB9-DB3A-4A1A-A2D4-7B0EF9E01077}.Release|Any CPU.ActiveCfg = Release|Any CPU
		{56086AB9-DB3A-4A1A-A2D4-7B0EF9E01077}.Release|Any CPU.Build.0 = Release|Any CPU
		{1075AAAC-62D5-48F2-AC0F-D6358DABC4EF}.Debug|Any CPU.ActiveCfg = Debug|Any CPU
		{1075AAAC-62D5-48F2-AC0F-D6358DABC4EF}.Debug|Any CPU.Build.0 = Debug|Any CPU
		{1075AAAC-62D5-48F2-AC0F-D6358DABC4EF}.Release|Any CPU.ActiveCfg = Release|Any CPU
		{1075AAAC-62D5-48F2-AC0F-D6358DABC4EF}.Release|Any CPU.Build.0 = Release|Any CPU
		{CFC381A4-F9BA-4B5F-AC37-7EC65C553966}.Debug|Any CPU.ActiveCfg = Debug|Any CPU
		{CFC381A4-F9BA-4B5F-AC37-7EC65C553966}.Debug|Any CPU.Build.0 = Debug|Any CPU
		{CFC381A4-F9BA-4B5F-AC37-7EC65C553966}.Release|Any CPU.ActiveCfg = Release|Any CPU
		{CFC381A4-F9BA-4B5F-AC37-7EC65C553966}.Release|Any CPU.Build.0 = Release|Any CPU
		{156C6A74-35BC-466C-AF90-52387CBD1F7C}.Debug|Any CPU.ActiveCfg = Debug|Any CPU
		{156C6A74-35BC-466C-AF90-52387CBD1F7C}.Debug|Any CPU.Build.0 = Debug|Any CPU
		{156C6A74-35BC-466C-AF90-52387CBD1F7C}.Release|Any CPU.ActiveCfg = Release|Any CPU
		{156C6A74-35BC-466C-AF90-52387CBD1F7C}.Release|Any CPU.Build.0 = Release|Any CPU
		{2E1F6EAF-0D29-44EE-9A25-30637EE936F9}.Debug|Any CPU.ActiveCfg = Debug|Any CPU
		{2E1F6EAF-0D29-44EE-9A25-30637EE936F9}.Debug|Any CPU.Build.0 = Debug|Any CPU
		{2E1F6EAF-0D29-44EE-9A25-30637EE936F9}.Release|Any CPU.ActiveCfg = Release|Any CPU
		{2E1F6EAF-0D29-44EE-9A25-30637EE936F9}.Release|Any CPU.Build.0 = Release|Any CPU
	EndGlobalSection
	GlobalSection(SolutionProperties) = preSolution
		HideSolutionNode = FALSE
	EndGlobalSection
	GlobalSection(NestedProjects) = preSolution
		{7C05A7F4-5E57-4486-AEA5-DFD82EDD2A69} = {5B806DE6-93E4-48F2-A177-ECB51CF2F75E}
		{EED76071-869C-4EEA-B6A7-68DEBAD84480} = {5B806DE6-93E4-48F2-A177-ECB51CF2F75E}
		{7308CF49-1180-4040-B017-06C910F652CE} = {CB0EAA5D-9873-41A9-A40A-AC4BFB64165F}
		{56086AB9-DB3A-4A1A-A2D4-7B0EF9E01077} = {868D0962-0F28-4335-9C48-6EBEB5237603}
		{1075AAAC-62D5-48F2-AC0F-D6358DABC4EF} = {CB0EAA5D-9873-41A9-A40A-AC4BFB64165F}
		{CFC381A4-F9BA-4B5F-AC37-7EC65C553966} = {CB0EAA5D-9873-41A9-A40A-AC4BFB64165F}
		{156C6A74-35BC-466C-AF90-52387CBD1F7C} = {868D0962-0F28-4335-9C48-6EBEB5237603}
		{2E1F6EAF-0D29-44EE-9A25-30637EE936F9} = {868D0962-0F28-4335-9C48-6EBEB5237603}
	EndGlobalSection
	GlobalSection(ExtensibilityGlobals) = postSolution
		SolutionGuid = {CF84DAEC-ECAF-49FA-920E-92CB4BDF95C8}
	EndGlobalSection
EndGlobal
